{
  "requires": true,
  "lockfileVersion": 1,
  "dependencies": {
    "@glidejs/glide": {
      "version": "3.4.1",
      "resolved": "https://registry.npmjs.org/@glidejs/glide/-/glide-3.4.1.tgz",
      "integrity": "sha512-C34AEcK1HjSyxilRToUL54I6KAoodojUbeRlXoruobZuG0eGm8xfDL+3kgkWj7AJK4EZtunSOYfoqMp70eDtwg=="
    },
    "@splidejs/splide": {
      "version": "2.4.21",
      "resolved": "https://registry.npmjs.org/@splidejs/splide/-/splide-2.4.21.tgz",
      "integrity": "sha512-LdIwSnmNsGybCCnA3QG2dOeRv/rQl46jf7FflXxMGX0ADYWyL6UJHWJbMZvHBi5I67uRJY1ga/W+CvJ39nH26A=="
    }
  }
}
